
Microsoft Visual Studio Solution File, Format Version 12.00
# Visual Studio Version 17
VisualStudioVersion = 17.9.34607.119
MinimumVisualStudioVersion = 10.0.40219.1
Project("{FAE04EC0-301F-11D3-BF4B-00C04F79EFBC}") = "ChillChaser", "ChillChaser\ChillChaser.csproj", "{707617C3-9073-44CF-92F2-7121AE8D9A55}"
EndProject
Global
	GlobalSection(SolutionConfigurationPlatforms) = preSolution
		Debug|Any CPU = Debug|Any CPU
		Release|Any CPU = Release|Any CPU
	EndGlobalSection
	GlobalSection(ProjectConfigurationPlatforms) = postSolution
		{707617C3-9073-44CF-92F2-7121AE8D9A55}.Debug|Any CPU.ActiveCfg = Debug|Any CPU
		{707617C3-9073-44CF-92F2-7121AE8D9A55}.Debug|Any CPU.Build.0 = Debug|Any CPU
		{707617C3-9073-44CF-92F2-7121AE8D9A55}.Release|Any CPU.ActiveCfg = Release|Any CPU
		{707617C3-9073-44CF-92F2-7121AE8D9A55}.Release|Any CPU.Build.0 = Release|Any CPU
	EndGlobalSection
	GlobalSection(SolutionProperties) = preSolution
		HideSolutionNode = FALSE
	EndGlobalSection
	GlobalSection(ExtensibilityGlobals) = postSolution
		SolutionGuid = {A889E652-FD1A-4591-B357-EA5D1451055B}
	EndGlobalSection
EndGlobal
